<?xml version="1.0" encoding="utf-8"?>
<Project ToolsVersion="4.0" xmlns="http://schemas.microsoft.com/developer/msbuild/2003">
  <ItemGroup>
    <Filter Include="Исходные файлы">
      <UniqueIdentifier>{4FC737F1-C7A5-4376-A066-2A32D752A2FF}</UniqueIdentifier>
      <Extensions>cpp;c;cc;cxx;c++;cppm;ixx;def;odl;idl;hpj;bat;asm;asmx</Extensions>
    </Filter>
    <Filter Include="Файлы заголовков">
      <UniqueIdentifier>{93995380-89BD-4b04-88EB-625FBE52EBFB}</UniqueIdentifier>
      <Extensions>h;hh;hpp;hxx;h++;hm;inl;inc;ipp;xsd</Extensions>
    </Filter>
    <Filter Include="Файлы ресурсов">
      <UniqueIdentifier>{67DA6AB6-F800-4c08-8B7A-83BB121AAD01}</UniqueIdentifier>
      <Extensions>rc;ico;cur;bmp;dlg;rc2;rct;bin;rgs;gif;jpg;jpeg;jpe;resx;tiff;tif;png;wav;mfcribbon-ms</Extensions>
    </Filter>
  </ItemGroup>
  <ItemGroup>
    <ClCompile Include="Shapev3.cpp">
      <Filter>Исходные файлы</Filter>
    </ClCompile>
    <ClCompile Include="ShapeDecorator.cpp">
      <Filter>Исходные файлы</Filter>
    </ClCompile>
    <ClCompile Include="CRectangle.cpp">
      <Filter>Исходные файлы</Filter>
    </ClCompile>
    <ClCompile Include="CCircle.cpp">
      <Filter>Исходные файлы</Filter>
    </ClCompile>
    <ClCompile Include="CTriangle.cpp">
      <Filter>Исходные файлы</Filter>
    </ClCompile>
    <ClCompile Include="CShapeController.cpp">
      <Filter>Исходные файлы</Filter>
    </ClCompile>
    <ClCompile Include="CShapeComposite.cpp">
      <Filter>Исходные файлы</Filter>
    </ClCompile>
    <ClCompile Include="CSimpleShapeDecorator.cpp">
      <Filter>Исходные файлы</Filter>
    </ClCompile>
    <ClCompile Include="CRectangleCreator.cpp">
      <Filter>Исходные файлы</Filter>
    </ClCompile>
    <ClCompile Include="CShapeCreator.cpp">
      <Filter>Исходные файлы</Filter>
    </ClCompile>
    <ClCompile Include="CCircleCreator.cpp">
      <Filter>Исходные файлы</Filter>
    </ClCompile>
    <ClCompile Include="CTriangleCreator.cpp">
      <Filter>Исходные файлы</Filter>
    </ClCompile>
    <ClCompile Include="CShapeHandler.cpp">
      <Filter>Исходные файлы</Filter>
    </ClCompile>
    <ClCompile Include="CCreateCircleCommand.cpp">
      <Filter>Исходные файлы</Filter>
    </ClCompile>
    <ClCompile Include="CCreateRectangleCommand.cpp">
      <Filter>Исходные файлы</Filter>
    </ClCompile>
    <ClCompile Include="CCreateTriangleCommand.cpp">
      <Filter>Исходные файлы</Filter>
    </ClCompile>
    <ClCompile Include="CDragAndDropCommand.cpp">
      <Filter>Исходные файлы</Filter>
    </ClCompile>
    <ClCompile Include="CFillBorderState.cpp">
      <Filter>Исходные файлы</Filter>
    </ClCompile>
    <ClCompile Include="CDragAndDropState.cpp">
      <Filter>Исходные файлы</Filter>
    </ClCompile>
    <ClCompile Include="CFillShapeState.cpp">
      <Filter>Исходные файлы</Filter>
    </ClCompile>
    <ClCompile Include="CWidthBorderState.cpp">
      <Filter>Исходные файлы</Filter>
    </ClCompile>
    <ClCompile Include="CUserInterface.cpp">
      <Filter>Исходные файлы</Filter>
    </ClCompile>
    <ClCompile Include="CFillShapeCommand.cpp">
      <Filter>Исходные файлы</Filter>
    </ClCompile>
    <ClCompile Include="CFillBorderCommand.cpp">
      <Filter>Исходные файлы</Filter>
    </ClCompile>
    <ClCompile Include="CWidthBorderCommand.cpp">
      <Filter>Исходные файлы</Filter>
    </ClCompile>
    <ClCompile Include="CSetCurrentColorCommand.cpp">
      <Filter>Исходные файлы</Filter>
    </ClCompile>
    <ClCompile Include="CSetCurrentWidthCommand.cpp">
      <Filter>Исходные файлы</Filter>
    </ClCompile>
    <ClCompile Include="CButton.cpp">
      <Filter>Исходные файлы</Filter>
    </ClCompile>
  </ItemGroup>
  <ItemGroup>
    <ClInclude Include="include.h">
      <Filter>Файлы заголовков</Filter>
    </ClInclude>
    <ClInclude Include="ShapeDecorator.h">
      <Filter>Файлы заголовков</Filter>
    </ClInclude>
    <ClInclude Include="CRectangle.h">
      <Filter>Файлы заголовков</Filter>
    </ClInclude>
    <ClInclude Include="CCircle.h">
      <Filter>Файлы заголовков</Filter>
    </ClInclude>
    <ClInclude Include="CTriangle.h">
      <Filter>Файлы заголовков</Filter>
    </ClInclude>
    <ClInclude Include="CShapeController.h">
      <Filter>Файлы заголовков</Filter>
    </ClInclude>
    <ClInclude Include="CShapeComposite.h">
      <Filter>Файлы заголовков</Filter>
    </ClInclude>
    <ClInclude Include="CSimpleShapeDecorator.h">
      <Filter>Файлы заголовков</Filter>
    </ClInclude>
    <ClInclude Include="CShapeCreator.h">
      <Filter>Файлы заголовков</Filter>
    </ClInclude>
    <ClInclude Include="CRectangleCreator.h">
      <Filter>Файлы заголовков</Filter>
    </ClInclude>
    <ClInclude Include="CCircleCreator.h">
      <Filter>Файлы заголовков</Filter>
    </ClInclude>
    <ClInclude Include="CTriangleCreator.h">
      <Filter>Файлы заголовков</Filter>
    </ClInclude>
    <ClInclude Include="CShapeHandler.h">
      <Filter>Файлы заголовков</Filter>
    </ClInclude>
    <ClInclude Include="ICommand.h">
      <Filter>Файлы заголовков</Filter>
    </ClInclude>
    <ClInclude Include="CCreateCircleCommand.h">
      <Filter>Файлы заголовков</Filter>
    </ClInclude>
    <ClInclude Include="CUserInterface.h">
      <Filter>Файлы заголовков</Filter>
    </ClInclude>
    <ClInclude Include="IState.h">
      <Filter>Файлы заголовков</Filter>
    </ClInclude>
    <ClInclude Include="const.h">
      <Filter>Файлы заголовков</Filter>
    </ClInclude>
    <ClInclude Include="CCreateRectangleCommand.h">
      <Filter>Файлы заголовков</Filter>
    </ClInclude>
    <ClInclude Include="CCreateTriangleCommand.h">
      <Filter>Файлы заголовков</Filter>
    </ClInclude>
    <ClInclude Include="CDragAndDropCommand.h">
      <Filter>Файлы заголовков</Filter>
    </ClInclude>
    <ClInclude Include="CFillBorderState.h">
      <Filter>Файлы заголовков</Filter>
    </ClInclude>
    <ClInclude Include="CDragAndDropState.h">
      <Filter>Файлы заголовков</Filter>
    </ClInclude>
    <ClInclude Include="CFillShapeState.h">
      <Filter>Файлы заголовков</Filter>
    </ClInclude>
    <ClInclude Include="CWidthBorderState.h">
      <Filter>Файлы заголовков</Filter>
    </ClInclude>
    <ClInclude Include="CFillShapeCommand.h">
      <Filter>Файлы заголовков</Filter>
    </ClInclude>
    <ClInclude Include="CFillBorderCommand.h">
      <Filter>Файлы заголовков</Filter>
    </ClInclude>
    <ClInclude Include="CWidthBorderCommand.h">
      <Filter>Файлы заголовков</Filter>
    </ClInclude>
    <ClInclude Include="CSetCurrentColorCommand.h">
      <Filter>Файлы заголовков</Filter>
    </ClInclude>
    <ClInclude Include="CSetCurrentWidthCommand.h">
      <Filter>Файлы заголовков</Filter>
    </ClInclude>
    <ClInclude Include="CButton.h">
      <Filter>Файлы заголовков</Filter>
    </ClInclude>
  </ItemGroup>
</Project>